
Microsoft Visual Studio Solution File, Format Version 12.00
# Visual Studio 15
VisualStudioVersion = 15.0.28307.168
MinimumVisualStudioVersion = 10.0.40219.1
Project("{FAE04EC0-301F-11D3-BF4B-00C04F79EFBC}") = "GenerateSharedAccessSignatures", "GenerateSharedAccessSignatures\GenerateSharedAccessSignatures.csproj", "{8628770D-7712-4B6C-A7B9-BCCF201F3ADB}"
EndProject
Global
	GlobalSection(SolutionConfigurationPlatforms) = preSolution
		Debug|Any CPU = Debug|Any CPU
		Release|Any CPU = Release|Any CPU
	EndGlobalSection
	GlobalSection(ProjectConfigurationPlatforms) = postSolution
		{8628770D-7712-4B6C-A7B9-BCCF201F3ADB}.Debug|Any CPU.ActiveCfg = Debug|Any CPU
		{8628770D-7712-4B6C-A7B9-BCCF201F3ADB}.Debug|Any CPU.Build.0 = Debug|Any CPU
		{8628770D-7712-4B6C-A7B9-BCCF201F3ADB}.Release|Any CPU.ActiveCfg = Release|Any CPU
		{8628770D-7712-4B6C-A7B9-BCCF201F3ADB}.Release|Any CPU.Build.0 = Release|Any CPU
	EndGlobalSection
	GlobalSection(SolutionProperties) = preSolution
		HideSolutionNode = FALSE
	EndGlobalSection
	GlobalSection(ExtensibilityGlobals) = postSolution
		SolutionGuid = {2A6B2B9D-0E99-445E-B1F2-F4DB18DE8CBA}
	EndGlobalSection
EndGlobal
